
Microsoft Visual Studio Solution File, Format Version 12.00
# Visual Studio Version 16
VisualStudioVersion = 16.0.30804.86
MinimumVisualStudioVersion = 10.0.40219.1
Project("{FAE04EC0-301F-11D3-BF4B-00C04F79EFBC}") = "encriptacion PBKDF2", "encriptacion PBKDF2.csproj", "{1AB2D39F-71CF-4D7A-B4C5-DF1198F34432}"
EndProject
Global
	GlobalSection(SolutionConfigurationPlatforms) = preSolution
		Debug|Any CPU = Debug|Any CPU
		Release|Any CPU = Release|Any CPU
	EndGlobalSection
	GlobalSection(ProjectConfigurationPlatforms) = postSolution
		{1AB2D39F-71CF-4D7A-B4C5-DF1198F34432}.Debug|Any CPU.ActiveCfg = Debug|Any CPU
		{1AB2D39F-71CF-4D7A-B4C5-DF1198F34432}.Debug|Any CPU.Build.0 = Debug|Any CPU
		{1AB2D39F-71CF-4D7A-B4C5-DF1198F34432}.Release|Any CPU.ActiveCfg = Release|Any CPU
		{1AB2D39F-71CF-4D7A-B4C5-DF1198F34432}.Release|Any CPU.Build.0 = Release|Any CPU
	EndGlobalSection
	GlobalSection(SolutionProperties) = preSolution
		HideSolutionNode = FALSE
	EndGlobalSection
	GlobalSection(ExtensibilityGlobals) = postSolution
		SolutionGuid = {DD71FC3C-07C7-4FC6-AB2C-9871CF8D143E}
	EndGlobalSection
EndGlobal
